// !$*UTF8*$!
{
	archiveVersion = 1;
	classes = {
	};
	objectVersion = 46;
	objects = {

/* Begin PBXBuildFile section */
		A0C1C2D01E0993A800A2D111 /* AppDelegate.swift in Sources */ = {isa = PBXBuildFile; fileRef = A0C1C2CF1E0993A800A2D111 /* AppDelegate.swift */; };
		A0C1C2D21E0993A800A2D111 /* FirstViewController.swift in Sources */ = {isa = PBXBuildFile; fileRef = A0C1C2D11E0993A800A2D111 /* FirstViewController.swift */; };
		A0C1C2D51E0993A800A2D111 /* Main.storyboard in Resources */ = {isa = PBXBuildFile; fileRef = A0C1C2D31E0993A800A2D111 /* Main.storyboard */; };
		A0C1C2D71E0993A800A2D111 /* Assets.xcassets in Resources */ = {isa = PBXBuildFile; fileRef = A0C1C2D61E0993A800A2D111 /* Assets.xcassets */; };
		A0C1C2DA1E0993A800A2D111 /* LaunchScreen.storyboard in Resources */ = {isa = PBXBuildFile; fileRef = A0C1C2D81E0993A800A2D111 /* LaunchScreen.storyboard */; };
		A0C1C2E31E09969B00A2D111 /* EatalyService.swift in Sources */ = {isa = PBXBuildFile; fileRef = A0C1C2E21E09969B00A2D111 /* EatalyService.swift */; };
		A0C1C2E51E09972F00A2D111 /* EatalyUrl.swift in Sources */ = {isa = PBXBuildFile; fileRef = A0C1C2E41E09972F00A2D111 /* EatalyUrl.swift */; };
		A0C1C2E71E09975200A2D111 /* CategoryManager.swift in Sources */ = {isa = PBXBuildFile; fileRef = A0C1C2E61E09975200A2D111 /* CategoryManager.swift */; };
		A0C1C2E91E09979800A2D111 /* Category.swift in Sources */ = {isa = PBXBuildFile; fileRef = A0C1C2E81E09979800A2D111 /* Category.swift */; };
		A0C1C2EB1E0997E500A2D111 /* FirstViewBigImageViewCell.swift in Sources */ = {isa = PBXBuildFile; fileRef = A0C1C2EA1E0997E500A2D111 /* FirstViewBigImageViewCell.swift */; };
		A0C1C2ED1E0997F700A2D111 /* FirstViewDoubleImageViewCell.swift in Sources */ = {isa = PBXBuildFile; fileRef = A0C1C2EC1E0997F700A2D111 /* FirstViewDoubleImageViewCell.swift */; };
		A0C1C2EF1E09980300A2D111 /* FirstViewTableViewCell.swift in Sources */ = {isa = PBXBuildFile; fileRef = A0C1C2EE1E09980300A2D111 /* FirstViewTableViewCell.swift */; };
		A0C1C2F11E09985900A2D111 /* SwiftyJSON.swift in Sources */ = {isa = PBXBuildFile; fileRef = A0C1C2F01E09985900A2D111 /* SwiftyJSON.swift */; };
		E13D54931E968A2B00C12449 /* ImageManager.swift in Sources */ = {isa = PBXBuildFile; fileRef = E13D54921E968A2B00C12449 /* ImageManager.swift */; };
		E13D54951E968C7C00C12449 /* ImageItem.swift in Sources */ = {isa = PBXBuildFile; fileRef = E13D54941E968C7C00C12449 /* ImageItem.swift */; };
		E1916F681E97761F00AA15CD /* Product.swift in Sources */ = {isa = PBXBuildFile; fileRef = E1916F671E97761F00AA15CD /* Product.swift */; };
		FE5FC8401EE31D6500295A13 /* EatalyItem.swift in Sources */ = {isa = PBXBuildFile; fileRef = FE5FC83F1EE31D6500295A13 /* EatalyItem.swift */; };
		FE8B91171ECF71CA00C973D4 /* MainManager.swift in Sources */ = {isa = PBXBuildFile; fileRef = FE8B91161ECF71CA00C973D4 /* MainManager.swift */; };
/* End PBXBuildFile section */

/* Begin PBXFileReference section */
		A0C1C2CC1E0993A800A2D111 /* Eta.app */ = {isa = PBXFileReference; explicitFileType = wrapper.application; includeInIndex = 0; path = Eta.app; sourceTree = BUILT_PRODUCTS_DIR; };
		A0C1C2CF1E0993A800A2D111 /* AppDelegate.swift */ = {isa = PBXFileReference; lastKnownFileType = sourcecode.swift; path = AppDelegate.swift; sourceTree = "<group>"; };
		A0C1C2D11E0993A800A2D111 /* FirstViewController.swift */ = {isa = PBXFileReference; lastKnownFileType = sourcecode.swift; path = FirstViewController.swift; sourceTree = "<group>"; };
		A0C1C2D41E0993A800A2D111 /* Base */ = {isa = PBXFileReference; lastKnownFileType = file.storyboard; name = Base; path = Base.lproj/Main.storyboard; sourceTree = "<group>"; };
		A0C1C2D61E0993A800A2D111 /* Assets.xcassets */ = {isa = PBXFileReference; lastKnownFileType = folder.assetcatalog; path = Assets.xcassets; sourceTree = "<group>"; };
		A0C1C2D91E0993A800A2D111 /* Base */ = {isa = PBXFileReference; lastKnownFileType = file.storyboard; name = Base; path = Base.lproj/LaunchScreen.storyboard; sourceTree = "<group>"; };
		A0C1C2DB1E0993A800A2D111 /* Info.plist */ = {isa = PBXFileReference; lastKnownFileType = text.plist.xml; path = Info.plist; sourceTree = "<group>"; };
		A0C1C2E21E09969B00A2D111 /* EatalyService.swift */ = {isa = PBXFileReference; fileEncoding = 4; lastKnownFileType = sourcecode.swift; path = EatalyService.swift; sourceTree = "<group>"; };
		A0C1C2E41E09972F00A2D111 /* EatalyUrl.swift */ = {isa = PBXFileReference; fileEncoding = 4; lastKnownFileType = sourcecode.swift; path = EatalyUrl.swift; sourceTree = "<group>"; };
		A0C1C2E61E09975200A2D111 /* CategoryManager.swift */ = {isa = PBXFileReference; fileEncoding = 4; lastKnownFileType = sourcecode.swift; path = CategoryManager.swift; sourceTree = "<group>"; };
		A0C1C2E81E09979800A2D111 /* Category.swift */ = {isa = PBXFileReference; fileEncoding = 4; lastKnownFileType = sourcecode.swift; path = Category.swift; sourceTree = "<group>"; };
		A0C1C2EA1E0997E500A2D111 /* FirstViewBigImageViewCell.swift */ = {isa = PBXFileReference; fileEncoding = 4; lastKnownFileType = sourcecode.swift; path = FirstViewBigImageViewCell.swift; sourceTree = "<group>"; };
		A0C1C2EC1E0997F700A2D111 /* FirstViewDoubleImageViewCell.swift */ = {isa = PBXFileReference; fileEncoding = 4; lastKnownFileType = sourcecode.swift; path = FirstViewDoubleImageViewCell.swift; sourceTree = "<group>"; };
		A0C1C2EE1E09980300A2D111 /* FirstViewTableViewCell.swift */ = {isa = PBXFileReference; fileEncoding = 4; lastKnownFileType = sourcecode.swift; path = FirstViewTableViewCell.swift; sourceTree = "<group>"; };
		A0C1C2F01E09985900A2D111 /* SwiftyJSON.swift */ = {isa = PBXFileReference; fileEncoding = 4; lastKnownFileType = sourcecode.swift; path = SwiftyJSON.swift; sourceTree = SOURCE_ROOT; };
		E13D54921E968A2B00C12449 /* ImageManager.swift */ = {isa = PBXFileReference; fileEncoding = 4; lastKnownFileType = sourcecode.swift; path = ImageManager.swift; sourceTree = "<group>"; };
		E13D54941E968C7C00C12449 /* ImageItem.swift */ = {isa = PBXFileReference; fileEncoding = 4; lastKnownFileType = sourcecode.swift; path = ImageItem.swift; sourceTree = "<group>"; };
		E1916F671E97761F00AA15CD /* Product.swift */ = {isa = PBXFileReference; fileEncoding = 4; lastKnownFileType = sourcecode.swift; path = Product.swift; sourceTree = "<group>"; };
		FE5FC83F1EE31D6500295A13 /* EatalyItem.swift */ = {isa = PBXFileReference; fileEncoding = 4; lastKnownFileType = sourcecode.swift; path = EatalyItem.swift; sourceTree = "<group>"; };
		FE8B91161ECF71CA00C973D4 /* MainManager.swift */ = {isa = PBXFileReference; fileEncoding = 4; lastKnownFileType = sourcecode.swift; path = MainManager.swift; sourceTree = "<group>"; };
/* End PBXFileReference section */

/* Begin PBXFrameworksBuildPhase section */
		A0C1C2C91E0993A800A2D111 /* Frameworks */ = {
			isa = PBXFrameworksBuildPhase;
			buildActionMask = 2147483647;
			files = (
			);
			runOnlyForDeploymentPostprocessing = 0;
		};
/* End PBXFrameworksBuildPhase section */

/* Begin PBXGroup section */
		A0C1C2C31E0993A800A2D111 = {
			isa = PBXGroup;
			children = (
				A0C1C2CE1E0993A800A2D111 /* Eta */,
				A0C1C2CD1E0993A800A2D111 /* Products */,
			);
			sourceTree = "<group>";
		};
		A0C1C2CD1E0993A800A2D111 /* Products */ = {
			isa = PBXGroup;
			children = (
				A0C1C2CC1E0993A800A2D111 /* Eta.app */,
			);
			name = Products;
			sourceTree = "<group>";
		};
		A0C1C2CE1E0993A800A2D111 /* Eta */ = {
			isa = PBXGroup;
			children = (
				E1A25DC71E9659DC00CB703D /* Models */,
				FE80EDC11EB7DCEA002AE1CF /* ViewControllers */,
				A0C1C2D31E0993A800A2D111 /* Main.storyboard */,
				A0C1C2CF1E0993A800A2D111 /* AppDelegate.swift */,
				A0C1C2D61E0993A800A2D111 /* Assets.xcassets */,
				A0C1C2D81E0993A800A2D111 /* LaunchScreen.storyboard */,
				A0C1C2DB1E0993A800A2D111 /* Info.plist */,
				A0C1C2F01E09985900A2D111 /* SwiftyJSON.swift */,
			);
			path = Eta;
			sourceTree = "<group>";
		};
		A0C1C2E11E09967700A2D111 /* ConnectionClasses */ = {
			isa = PBXGroup;
			children = (
				FE80EDC31EB7DEA8002AE1CF /* Base */,
				A0C1C2E61E09975200A2D111 /* CategoryManager.swift */,
				FE8B91161ECF71CA00C973D4 /* MainManager.swift */,
				E13D54921E968A2B00C12449 /* ImageManager.swift */,
			);
			name = ConnectionClasses;
			sourceTree = "<group>";
		};
		E1A25DC71E9659DC00CB703D /* Models */ = {
			isa = PBXGroup;
			children = (
				A0C1C2E11E09967700A2D111 /* ConnectionClasses */,
				A0C1C2E81E09979800A2D111 /* Category.swift */,
				FE5FC83F1EE31D6500295A13 /* EatalyItem.swift */,
				E13D54941E968C7C00C12449 /* ImageItem.swift */,
				E1916F671E97761F00AA15CD /* Product.swift */,
			);
			name = Models;
			sourceTree = "<group>";
		};
		FE6265F71ED248CF0034AEE4 /* FirstView */ = {
			isa = PBXGroup;
			children = (
				A0C1C2D11E0993A800A2D111 /* FirstViewController.swift */,
				FE6265F81ED2490D0034AEE4 /* Cell */,
			);
			name = FirstView;
			sourceTree = "<group>";
		};
		FE6265F81ED2490D0034AEE4 /* Cell */ = {
			isa = PBXGroup;
			children = (
				A0C1C2EA1E0997E500A2D111 /* FirstViewBigImageViewCell.swift */,
				A0C1C2EC1E0997F700A2D111 /* FirstViewDoubleImageViewCell.swift */,
				A0C1C2EE1E09980300A2D111 /* FirstViewTableViewCell.swift */,
			);
			name = Cell;
			sourceTree = "<group>";
		};
		FE80EDC11EB7DCEA002AE1CF /* ViewControllers */ = {
			isa = PBXGroup;
			children = (
				FE6265F71ED248CF0034AEE4 /* FirstView */,
			);
			name = ViewControllers;
			sourceTree = "<group>";
		};
		FE80EDC31EB7DEA8002AE1CF /* Base */ = {
			isa = PBXGroup;
			children = (
				A0C1C2E21E09969B00A2D111 /* EatalyService.swift */,
				A0C1C2E41E09972F00A2D111 /* EatalyUrl.swift */,
			);
			name = Base;
			sourceTree = "<group>";
		};
/* End PBXGroup section */

/* Begin PBXNativeTarget section */
		A0C1C2CB1E0993A800A2D111 /* Eta */ = {
			isa = PBXNativeTarget;
			buildConfigurationList = A0C1C2DE1E0993A800A2D111 /* Build configuration list for PBXNativeTarget "Eta" */;
			buildPhases = (
				A0C1C2C81E0993A800A2D111 /* Sources */,
				A0C1C2C91E0993A800A2D111 /* Frameworks */,
				A0C1C2CA1E0993A800A2D111 /* Resources */,
			);
			buildRules = (
			);
			dependencies = (
			);
			name = Eta;
			productName = Eta;
			productReference = A0C1C2CC1E0993A800A2D111 /* Eta.app */;
			productType = "com.apple.product-type.application";
		};
/* End PBXNativeTarget section */

/* Begin PBXProject section */
		A0C1C2C41E0993A800A2D111 /* Project object */ = {
			isa = PBXProject;
			attributes = {
				LastSwiftUpdateCheck = 0800;
				LastUpgradeCheck = 0820;
				ORGANIZATIONNAME = xamp;
				TargetAttributes = {
					A0C1C2CB1E0993A800A2D111 = {
						CreatedOnToolsVersion = 8.0;
						DevelopmentTeam = KPG78GYXEN;
						ProvisioningStyle = Automatic;
					};
				};
			};
			buildConfigurationList = A0C1C2C71E0993A800A2D111 /* Build configuration list for PBXProject "Eta" */;
			compatibilityVersion = "Xcode 3.2";
			developmentRegion = English;
			hasScannedForEncodings = 0;
			knownRegions = (
				en,
				Base,
			);
			mainGroup = A0C1C2C31E0993A800A2D111;
			productRefGroup = A0C1C2CD1E0993A800A2D111 /* Products */;
			projectDirPath = "";
			projectRoot = "";
			targets = (
				A0C1C2CB1E0993A800A2D111 /* Eta */,
			);
		};
/* End PBXProject section */

/* Begin PBXResourcesBuildPhase section */
		A0C1C2CA1E0993A800A2D111 /* Resources */ = {
			isa = PBXResourcesBuildPhase;
			buildActionMask = 2147483647;
			files = (
				A0C1C2DA1E0993A800A2D111 /* LaunchScreen.storyboard in Resources */,
				A0C1C2D71E0993A800A2D111 /* Assets.xcassets in Resources */,
				A0C1C2D51E0993A800A2D111 /* Main.storyboard in Resources */,
			);
			runOnlyForDeploymentPostprocessing = 0;
		};
/* End PBXResourcesBuildPhase section */

/* Begin PBXSourcesBuildPhase section */
		A0C1C2C81E0993A800A2D111 /* Sources */ = {
			isa = PBXSourcesBuildPhase;
			buildActionMask = 2147483647;
			files = (
				E13D54951E968C7C00C12449 /* ImageItem.swift in Sources */,
				A0C1C2E71E09975200A2D111 /* CategoryManager.swift in Sources */,
				FE8B91171ECF71CA00C973D4 /* MainManager.swift in Sources */,
				A0C1C2D21E0993A800A2D111 /* FirstViewController.swift in Sources */,
				A0C1C2E51E09972F00A2D111 /* EatalyUrl.swift in Sources */,
				A0C1C2F11E09985900A2D111 /* SwiftyJSON.swift in Sources */,
				A0C1C2D01E0993A800A2D111 /* AppDelegate.swift in Sources */,
				A0C1C2ED1E0997F700A2D111 /* FirstViewDoubleImageViewCell.swift in Sources */,
				A0C1C2EF1E09980300A2D111 /* FirstViewTableViewCell.swift in Sources */,
				A0C1C2E31E09969B00A2D111 /* EatalyService.swift in Sources */,
				FE5FC8401EE31D6500295A13 /* EatalyItem.swift in Sources */,
				A0C1C2EB1E0997E500A2D111 /* FirstViewBigImageViewCell.swift in Sources */,
				E13D54931E968A2B00C12449 /* ImageManager.swift in Sources */,
				A0C1C2E91E09979800A2D111 /* Category.swift in Sources */,
				E1916F681E97761F00AA15CD /* Product.swift in Sources */,
			);
			runOnlyForDeploymentPostprocessing = 0;
		};
/* End PBXSourcesBuildPhase section */

/* Begin PBXVariantGroup section */
		A0C1C2D31E0993A800A2D111 /* Main.storyboard */ = {
			isa = PBXVariantGroup;
			children = (
				A0C1C2D41E0993A800A2D111 /* Base */,
			);
			name = Main.storyboard;
			sourceTree = "<group>";
		};
		A0C1C2D81E0993A800A2D111 /* LaunchScreen.storyboard */ = {
			isa = PBXVariantGroup;
			children = (
				A0C1C2D91E0993A800A2D111 /* Base */,
			);
			name = LaunchScreen.storyboard;
			sourceTree = "<group>";
		};
/* End PBXVariantGroup section */

/* Begin XCBuildConfiguration section */
		A0C1C2DC1E0993A800A2D111 /* Debug */ = {
			isa = XCBuildConfiguration;
			buildSettings = {
				ALWAYS_SEARCH_USER_PATHS = NO;
				CLANG_ANALYZER_NONNULL = YES;
				CLANG_CXX_LANGUAGE_STANDARD = "gnu++0x";
				CLANG_CXX_LIBRARY = "libc++";
				CLANG_ENABLE_MODULES = YES;
				CLANG_ENABLE_OBJC_ARC = YES;
				CLANG_WARN_BOOL_CONVERSION = YES;
				CLANG_WARN_CONSTANT_CONVERSION = YES;
				CLANG_WARN_DIRECT_OBJC_ISA_USAGE = YES_ERROR;
				CLANG_WARN_DOCUMENTATION_COMMENTS = YES;
				CLANG_WARN_EMPTY_BODY = YES;
				CLANG_WARN_ENUM_CONVERSION = YES;
				CLANG_WARN_INFINITE_RECURSION = YES;
				CLANG_WARN_INT_CONVERSION = YES;
				CLANG_WARN_OBJC_ROOT_CLASS = YES_ERROR;
				CLANG_WARN_SUSPICIOUS_MOVE = YES;
				CLANG_WARN_SUSPICIOUS_MOVES = YES;
				CLANG_WARN_UNREACHABLE_CODE = YES;
				CLANG_WARN__DUPLICATE_METHOD_MATCH = YES;
				"CODE_SIGN_IDENTITY[sdk=iphoneos*]" = "iPhone Developer";
				COPY_PHASE_STRIP = NO;
				DEBUG_INFORMATION_FORMAT = dwarf;
				ENABLE_STRICT_OBJC_MSGSEND = YES;
				ENABLE_TESTABILITY = YES;
				GCC_C_LANGUAGE_STANDARD = gnu99;
				GCC_DYNAMIC_NO_PIC = NO;
				GCC_NO_COMMON_BLOCKS = YES;
				GCC_OPTIMIZATION_LEVEL = 0;
				GCC_PREPROCESSOR_DEFINITIONS = (
					"DEBUG=1",
					"$(inherited)",
				);
				GCC_WARN_64_TO_32_BIT_CONVERSION = YES;
				GCC_WARN_ABOUT_RETURN_TYPE = YES_ERROR;
				GCC_WARN_UNDECLARED_SELECTOR = YES;
				GCC_WARN_UNINITIALIZED_AUTOS = YES_AGGRESSIVE;
				GCC_WARN_UNUSED_FUNCTION = YES;
				GCC_WARN_UNUSED_VARIABLE = YES;
				IPHONEOS_DEPLOYMENT_TARGET = 10.0;
				MTL_ENABLE_DEBUG_INFO = YES;
				ONLY_ACTIVE_ARCH = YES;
				SDKROOT = iphoneos;
				SWIFT_ACTIVE_COMPILATION_CONDITIONS = DEBUG;
				SWIFT_OPTIMIZATION_LEVEL = "-Onone";
				TARGETED_DEVICE_FAMILY = "1,2";
			};
			name = Debug;
		};
		A0C1C2DD1E0993A800A2D111 /* Release */ = {
			isa = XCBuildConfiguration;
			buildSettings = {
				ALWAYS_SEARCH_USER_PATHS = NO;
				CLANG_ANALYZER_NONNULL = YES;
				CLANG_CXX_LANGUAGE_STANDARD = "gnu++0x";
				CLANG_CXX_LIBRARY = "libc++";
				CLANG_ENABLE_MODULES = YES;
				CLANG_ENABLE_OBJC_ARC = YES;
				CLANG_WARN_BOOL_CONVERSION = YES;
				CLANG_WARN_CONSTANT_CONVERSION = YES;
				CLANG_WARN_DIRECT_OBJC_ISA_USAGE = YES_ERROR;
				CLANG_WARN_DOCUMENTATION_COMMENTS = YES;
				CLANG_WARN_EMPTY_BODY = YES;
				CLANG_WARN_ENUM_CONVERSION = YES;
				CLANG_WARN_INFINITE_RECURSION = YES;
				CLANG_WARN_INT_CONVERSION = YES;
				CLANG_WARN_OBJC_ROOT_CLASS = YES_ERROR;
				CLANG_WARN_SUSPICIOUS_MOVE = YES;
				CLANG_WARN_SUSPICIOUS_MOVES = YES;
				CLANG_WARN_UNREACHABLE_CODE = YES;
				CLANG_WARN__DUPLICATE_METHOD_MATCH = YES;
				"CODE_SIGN_IDENTITY[sdk=iphoneos*]" = "iPhone Developer";
				COPY_PHASE_STRIP = NO;
				DEBUG_INFORMATION_FORMAT = "dwarf-with-dsym";
				ENABLE_NS_ASSERTIONS = NO;
				ENABLE_STRICT_OBJC_MSGSEND = YES;
				GCC_C_LANGUAGE_STANDARD = gnu99;
				GCC_NO_COMMON_BLOCKS = YES;
				GCC_WARN_64_TO_32_BIT_CONVERSION = YES;
				GCC_WARN_ABOUT_RETURN_TYPE = YES_ERROR;
				GCC_WARN_UNDECLARED_SELECTOR = YES;
				GCC_WARN_UNINITIALIZED_AUTOS = YES_AGGRESSIVE;
				GCC_WARN_UNUSED_FUNCTION = YES;
				GCC_WARN_UNUSED_VARIABLE = YES;
				IPHONEOS_DEPLOYMENT_TARGET = 10.0;
				MTL_ENABLE_DEBUG_INFO = NO;
				SDKROOT = iphoneos;
				SWIFT_OPTIMIZATION_LEVEL = "-Owholemodule";
				TARGETED_DEVICE_FAMILY = "1,2";
				VALIDATE_PRODUCT = YES;
			};
			name = Release;
		};
		A0C1C2DF1E0993A800A2D111 /* Debug */ = {
			isa = XCBuildConfiguration;
			buildSettings = {
				ASSETCATALOG_COMPILER_APPICON_NAME = AppIcon;
				DEVELOPMENT_TEAM = KPG78GYXEN;
				INFOPLIST_FILE = Eta/Info.plist;
				IPHONEOS_DEPLOYMENT_TARGET = 9.0;
				LD_RUNPATH_SEARCH_PATHS = "$(inherited) @executable_path/Frameworks";
				PRODUCT_BUNDLE_IDENTIFIER = eataly.Eta;
				PRODUCT_NAME = "$(TARGET_NAME)";
				SWIFT_VERSION = 3.0;
			};
			name = Debug;
		};
		A0C1C2E01E0993A800A2D111 /* Release */ = {
			isa = XCBuildConfiguration;
			buildSettings = {
				ASSETCATALOG_COMPILER_APPICON_NAME = AppIcon;
				DEVELOPMENT_TEAM = KPG78GYXEN;
				INFOPLIST_FILE = Eta/Info.plist;
				IPHONEOS_DEPLOYMENT_TARGET = 9.0;
				LD_RUNPATH_SEARCH_PATHS = "$(inherited) @executable_path/Frameworks";
				PRODUCT_BUNDLE_IDENTIFIER = eataly.Eta;
				PRODUCT_NAME = "$(TARGET_NAME)";
				SWIFT_VERSION = 3.0;
			};
			name = Release;
		};
/* End XCBuildConfiguration section */

/* Begin XCConfigurationList section */
		A0C1C2C71E0993A800A2D111 /* Build configuration list for PBXProject "Eta" */ = {
			isa = XCConfigurationList;
			buildConfigurations = (
				A0C1C2DC1E0993A800A2D111 /* Debug */,
				A0C1C2DD1E0993A800A2D111 /* Release */,
			);
			defaultConfigurationIsVisible = 0;
			defaultConfigurationName = Release;
		};
		A0C1C2DE1E0993A800A2D111 /* Build configuration list for PBXNativeTarget "Eta" */ = {
			isa = XCConfigurationList;
			buildConfigurations = (
				A0C1C2DF1E0993A800A2D111 /* Debug */,
				A0C1C2E01E0993A800A2D111 /* Release */,
			);
			defaultConfigurationIsVisible = 0;
			defaultConfigurationName = Release;
		};
/* End XCConfigurationList section */
	};
	rootObject = A0C1C2C41E0993A800A2D111 /* Project object */;
}
